
Microsoft Visual Studio Solution File, Format Version 11.00
# Visual Studio 2010
Project("{FAE04EC0-301F-11D3-BF4B-00C04F79EFBC}") = "Zmanim", "src\Zmanim\Zmanim.csproj", "{7629E910-1996-448E-B344-AA925F23EEE6}"
EndProject
Project("{FAE04EC0-301F-11D3-BF4B-00C04F79EFBC}") = "ZmanimTests", "src\ZmanimTests\ZmanimTests.csproj", "{B7633B81-E49D-4970-9DDD-9700EF3F492F}"
EndProject
Global
	GlobalSection(SolutionConfigurationPlatforms) = preSolution
		Debug|Any CPU = Debug|Any CPU
		Release|Any CPU = Release|Any CPU
	EndGlobalSection
	GlobalSection(ProjectConfigurationPlatforms) = postSolution
		{7629E910-1996-448E-B344-AA925F23EEE6}.Debug|Any CPU.ActiveCfg = Debug|Any CPU
		{7629E910-1996-448E-B344-AA925F23EEE6}.Debug|Any CPU.Build.0 = Debug|Any CPU
		{7629E910-1996-448E-B344-AA925F23EEE6}.Release|Any CPU.ActiveCfg = Release|Any CPU
		{7629E910-1996-448E-B344-AA925F23EEE6}.Release|Any CPU.Build.0 = Release|Any CPU
		{B7633B81-E49D-4970-9DDD-9700EF3F492F}.Debug|Any CPU.ActiveCfg = Debug|Any CPU
		{B7633B81-E49D-4970-9DDD-9700EF3F492F}.Debug|Any CPU.Build.0 = Debug|Any CPU
		{B7633B81-E49D-4970-9DDD-9700EF3F492F}.Release|Any CPU.ActiveCfg = Release|Any CPU
		{B7633B81-E49D-4970-9DDD-9700EF3F492F}.Release|Any CPU.Build.0 = Release|Any CPU
	EndGlobalSection
	GlobalSection(SolutionProperties) = preSolution
		HideSolutionNode = FALSE
	EndGlobalSection
EndGlobal
