
Microsoft Visual Studio Solution File, Format Version 12.00
# Visual Studio 15
VisualStudioVersion = 15.0.26430.13
MinimumVisualStudioVersion = 10.0.40219.1
Project("{2150E333-8FDC-42A3-9474-1A3956D46DE8}") = "TimeZone", "TimeZone", "{3BD21F5A-495F-4685-A80D-56AD3BA2A102}"
EndProject
Project("{9A19103F-16F7-4668-BE54-9A1E7A4F7556}") = "ZmanimTests", "src\ZmanimTests\ZmanimTests.csproj", "{B7633B81-E49D-4970-9DDD-9700EF3F492F}"
EndProject
Project("{9A19103F-16F7-4668-BE54-9A1E7A4F7556}") = "Zmanim", "src\Zmanim\Zmanim.csproj", "{255A19B5-FC9B-4C1D-B8EF-FD45E0D5F3B2}"
EndProject
Project("{9A19103F-16F7-4668-BE54-9A1E7A4F7556}") = "Zmanim.TzDatebase", "src\Zmanim.TzDatebase\Zmanim.TzDatebase.csproj", "{10E0E97C-CE49-43BB-A91C-8A401B58AD32}"
EndProject
Project("{2150E333-8FDC-42A3-9474-1A3956D46DE8}") = "Solution Items", "Solution Items", "{E1F08B3E-CDBA-4002-9231-6B7BD796A565}"
	ProjectSection(SolutionItems) = preProject
		src\global.json = src\global.json
		src\NuGet.Config = src\NuGet.Config
	EndProjectSection
EndProject
Global
	GlobalSection(SolutionConfigurationPlatforms) = preSolution
		Debug|Any CPU = Debug|Any CPU
		Debug|Mixed Platforms = Debug|Mixed Platforms
		Debug|x86 = Debug|x86
		Release|Any CPU = Release|Any CPU
		Release|Mixed Platforms = Release|Mixed Platforms
		Release|x86 = Release|x86
	EndGlobalSection
	GlobalSection(ProjectConfigurationPlatforms) = postSolution
		{B7633B81-E49D-4970-9DDD-9700EF3F492F}.Debug|Any CPU.ActiveCfg = Debug|Any CPU
		{B7633B81-E49D-4970-9DDD-9700EF3F492F}.Debug|Any CPU.Build.0 = Debug|Any CPU
		{B7633B81-E49D-4970-9DDD-9700EF3F492F}.Debug|Mixed Platforms.ActiveCfg = Debug|Any CPU
		{B7633B81-E49D-4970-9DDD-9700EF3F492F}.Debug|Mixed Platforms.Build.0 = Debug|Any CPU
		{B7633B81-E49D-4970-9DDD-9700EF3F492F}.Debug|x86.ActiveCfg = Debug|Any CPU
		{B7633B81-E49D-4970-9DDD-9700EF3F492F}.Release|Any CPU.ActiveCfg = Release|Any CPU
		{B7633B81-E49D-4970-9DDD-9700EF3F492F}.Release|Any CPU.Build.0 = Release|Any CPU
		{B7633B81-E49D-4970-9DDD-9700EF3F492F}.Release|Mixed Platforms.ActiveCfg = Release|Any CPU
		{B7633B81-E49D-4970-9DDD-9700EF3F492F}.Release|Mixed Platforms.Build.0 = Release|Any CPU
		{B7633B81-E49D-4970-9DDD-9700EF3F492F}.Release|x86.ActiveCfg = Release|Any CPU
		{255A19B5-FC9B-4C1D-B8EF-FD45E0D5F3B2}.Debug|Any CPU.ActiveCfg = Debug|Any CPU
		{255A19B5-FC9B-4C1D-B8EF-FD45E0D5F3B2}.Debug|Any CPU.Build.0 = Debug|Any CPU
		{255A19B5-FC9B-4C1D-B8EF-FD45E0D5F3B2}.Debug|Mixed Platforms.ActiveCfg = Debug|Any CPU
		{255A19B5-FC9B-4C1D-B8EF-FD45E0D5F3B2}.Debug|Mixed Platforms.Build.0 = Debug|Any CPU
		{255A19B5-FC9B-4C1D-B8EF-FD45E0D5F3B2}.Debug|x86.ActiveCfg = Debug|Any CPU
		{255A19B5-FC9B-4C1D-B8EF-FD45E0D5F3B2}.Debug|x86.Build.0 = Debug|Any CPU
		{255A19B5-FC9B-4C1D-B8EF-FD45E0D5F3B2}.Release|Any CPU.ActiveCfg = Release|Any CPU
		{255A19B5-FC9B-4C1D-B8EF-FD45E0D5F3B2}.Release|Any CPU.Build.0 = Release|Any CPU
		{255A19B5-FC9B-4C1D-B8EF-FD45E0D5F3B2}.Release|Mixed Platforms.ActiveCfg = Release|Any CPU
		{255A19B5-FC9B-4C1D-B8EF-FD45E0D5F3B2}.Release|Mixed Platforms.Build.0 = Release|Any CPU
		{255A19B5-FC9B-4C1D-B8EF-FD45E0D5F3B2}.Release|x86.ActiveCfg = Release|Any CPU
		{255A19B5-FC9B-4C1D-B8EF-FD45E0D5F3B2}.Release|x86.Build.0 = Release|Any CPU
		{10E0E97C-CE49-43BB-A91C-8A401B58AD32}.Debug|Any CPU.ActiveCfg = Debug|Any CPU
		{10E0E97C-CE49-43BB-A91C-8A401B58AD32}.Debug|Any CPU.Build.0 = Debug|Any CPU
		{10E0E97C-CE49-43BB-A91C-8A401B58AD32}.Debug|Mixed Platforms.ActiveCfg = Debug|Any CPU
		{10E0E97C-CE49-43BB-A91C-8A401B58AD32}.Debug|Mixed Platforms.Build.0 = Debug|Any CPU
		{10E0E97C-CE49-43BB-A91C-8A401B58AD32}.Debug|x86.ActiveCfg = Debug|Any CPU
		{10E0E97C-CE49-43BB-A91C-8A401B58AD32}.Debug|x86.Build.0 = Debug|Any CPU
		{10E0E97C-CE49-43BB-A91C-8A401B58AD32}.Release|Any CPU.ActiveCfg = Release|Any CPU
		{10E0E97C-CE49-43BB-A91C-8A401B58AD32}.Release|Any CPU.Build.0 = Release|Any CPU
		{10E0E97C-CE49-43BB-A91C-8A401B58AD32}.Release|Mixed Platforms.ActiveCfg = Release|Any CPU
		{10E0E97C-CE49-43BB-A91C-8A401B58AD32}.Release|Mixed Platforms.Build.0 = Release|Any CPU
		{10E0E97C-CE49-43BB-A91C-8A401B58AD32}.Release|x86.ActiveCfg = Release|Any CPU
		{10E0E97C-CE49-43BB-A91C-8A401B58AD32}.Release|x86.Build.0 = Release|Any CPU
	EndGlobalSection
	GlobalSection(SolutionProperties) = preSolution
		HideSolutionNode = FALSE
	EndGlobalSection
	GlobalSection(NestedProjects) = preSolution
		{10E0E97C-CE49-43BB-A91C-8A401B58AD32} = {3BD21F5A-495F-4685-A80D-56AD3BA2A102}
	EndGlobalSection
	GlobalSection(ExtensibilityGlobals) = postSolution
		SolutionGuid = {390A24F9-06B5-4517-8E0C-7788E77EBF4A}
	EndGlobalSection
EndGlobal
