
Microsoft Visual Studio Solution File, Format Version 11.00
# Visual Studio 2010
Project("{FAE04EC0-301F-11D3-BF4B-00C04F79EFBC}") = "Zmanim.Sample.Silverlight", "Zmanim.Sample.Silverlight\Zmanim.Sample.Silverlight.csproj", "{C0F239C3-8426-40B9-955A-BB088A286ED2}"
EndProject
Project("{FAE04EC0-301F-11D3-BF4B-00C04F79EFBC}") = "Zmanim.Sample.Silverlight.Web", "Zmanim.Sample.Silverlight.Web\Zmanim.Sample.Silverlight.Web.csproj", "{C32F0BC6-9D21-4B84-8A15-DA43E905DD4E}"
EndProject
Global
	GlobalSection(SolutionConfigurationPlatforms) = preSolution
		Debug|Any CPU = Debug|Any CPU
		Release|Any CPU = Release|Any CPU
	EndGlobalSection
	GlobalSection(ProjectConfigurationPlatforms) = postSolution
		{C0F239C3-8426-40B9-955A-BB088A286ED2}.Debug|Any CPU.ActiveCfg = Debug|Any CPU
		{C0F239C3-8426-40B9-955A-BB088A286ED2}.Debug|Any CPU.Build.0 = Debug|Any CPU
		{C0F239C3-8426-40B9-955A-BB088A286ED2}.Release|Any CPU.ActiveCfg = Release|Any CPU
		{C0F239C3-8426-40B9-955A-BB088A286ED2}.Release|Any CPU.Build.0 = Release|Any CPU
		{C32F0BC6-9D21-4B84-8A15-DA43E905DD4E}.Debug|Any CPU.ActiveCfg = Debug|Any CPU
		{C32F0BC6-9D21-4B84-8A15-DA43E905DD4E}.Debug|Any CPU.Build.0 = Debug|Any CPU
		{C32F0BC6-9D21-4B84-8A15-DA43E905DD4E}.Release|Any CPU.ActiveCfg = Release|Any CPU
		{C32F0BC6-9D21-4B84-8A15-DA43E905DD4E}.Release|Any CPU.Build.0 = Release|Any CPU
	EndGlobalSection
	GlobalSection(SolutionProperties) = preSolution
		HideSolutionNode = FALSE
	EndGlobalSection
EndGlobal
