
Microsoft Visual Studio Solution File, Format Version 11.00
# Visual Studio 2010
Project("{F184B08F-C81C-45F6-A57F-5ABD9991F28F}") = "Zmanim.Samples.VB.Console", "Zmanim.Samples.VB.Console\Zmanim.Samples.VB.Console.vbproj", "{30DEF077-BD6D-4CB6-86AD-781529988D15}"
EndProject
Project("{F184B08F-C81C-45F6-A57F-5ABD9991F28F}") = "Zmanim.Samples.VB.Web", "Zmanim.Samples.VB.Web\Zmanim.Samples.VB.Web.vbproj", "{5CF3F99A-7D4F-4BFA-8A69-BF6B3A309604}"
EndProject
Global
	GlobalSection(SolutionConfigurationPlatforms) = preSolution
		Debug|Any CPU = Debug|Any CPU
		Debug|Mixed Platforms = Debug|Mixed Platforms
		Debug|x86 = Debug|x86
		Release|Any CPU = Release|Any CPU
		Release|Mixed Platforms = Release|Mixed Platforms
		Release|x86 = Release|x86
	EndGlobalSection
	GlobalSection(ProjectConfigurationPlatforms) = postSolution
		{30DEF077-BD6D-4CB6-86AD-781529988D15}.Debug|Any CPU.ActiveCfg = Debug|x86
		{30DEF077-BD6D-4CB6-86AD-781529988D15}.Debug|Mixed Platforms.ActiveCfg = Debug|x86
		{30DEF077-BD6D-4CB6-86AD-781529988D15}.Debug|Mixed Platforms.Build.0 = Debug|x86
		{30DEF077-BD6D-4CB6-86AD-781529988D15}.Debug|x86.ActiveCfg = Debug|x86
		{30DEF077-BD6D-4CB6-86AD-781529988D15}.Debug|x86.Build.0 = Debug|x86
		{30DEF077-BD6D-4CB6-86AD-781529988D15}.Release|Any CPU.ActiveCfg = Release|x86
		{30DEF077-BD6D-4CB6-86AD-781529988D15}.Release|Mixed Platforms.ActiveCfg = Release|x86
		{30DEF077-BD6D-4CB6-86AD-781529988D15}.Release|Mixed Platforms.Build.0 = Release|x86
		{30DEF077-BD6D-4CB6-86AD-781529988D15}.Release|x86.ActiveCfg = Release|x86
		{30DEF077-BD6D-4CB6-86AD-781529988D15}.Release|x86.Build.0 = Release|x86
		{5CF3F99A-7D4F-4BFA-8A69-BF6B3A309604}.Debug|Any CPU.ActiveCfg = Debug|Any CPU
		{5CF3F99A-7D4F-4BFA-8A69-BF6B3A309604}.Debug|Any CPU.Build.0 = Debug|Any CPU
		{5CF3F99A-7D4F-4BFA-8A69-BF6B3A309604}.Debug|Mixed Platforms.ActiveCfg = Debug|Any CPU
		{5CF3F99A-7D4F-4BFA-8A69-BF6B3A309604}.Debug|Mixed Platforms.Build.0 = Debug|Any CPU
		{5CF3F99A-7D4F-4BFA-8A69-BF6B3A309604}.Debug|x86.ActiveCfg = Debug|Any CPU
		{5CF3F99A-7D4F-4BFA-8A69-BF6B3A309604}.Release|Any CPU.ActiveCfg = Release|Any CPU
		{5CF3F99A-7D4F-4BFA-8A69-BF6B3A309604}.Release|Any CPU.Build.0 = Release|Any CPU
		{5CF3F99A-7D4F-4BFA-8A69-BF6B3A309604}.Release|Mixed Platforms.ActiveCfg = Release|Any CPU
		{5CF3F99A-7D4F-4BFA-8A69-BF6B3A309604}.Release|Mixed Platforms.Build.0 = Release|Any CPU
		{5CF3F99A-7D4F-4BFA-8A69-BF6B3A309604}.Release|x86.ActiveCfg = Release|Any CPU
	EndGlobalSection
	GlobalSection(SolutionProperties) = preSolution
		HideSolutionNode = FALSE
	EndGlobalSection
EndGlobal
